
Microsoft Visual Studio Solution File, Format Version 12.00
# Visual Studio Version 17
VisualStudioVersion = 17.6.33815.320
MinimumVisualStudioVersion = 10.0.40219.1
Project("{FAE04EC0-301F-11D3-BF4B-00C04F79EFBC}") = "Sessao12", "Sessao12\Sessao12.csproj", "{E8B9DF03-22FC-4A47-A92F-27F03BA9D046}"
EndProject
Global
	GlobalSection(SolutionConfigurationPlatforms) = preSolution
		Debug|Any CPU = Debug|Any CPU
		Release|Any CPU = Release|Any CPU
	EndGlobalSection
	GlobalSection(ProjectConfigurationPlatforms) = postSolution
		{E8B9DF03-22FC-4A47-A92F-27F03BA9D046}.Debug|Any CPU.ActiveCfg = Debug|Any CPU
		{E8B9DF03-22FC-4A47-A92F-27F03BA9D046}.Debug|Any CPU.Build.0 = Debug|Any CPU
		{E8B9DF03-22FC-4A47-A92F-27F03BA9D046}.Release|Any CPU.ActiveCfg = Release|Any CPU
		{E8B9DF03-22FC-4A47-A92F-27F03BA9D046}.Release|Any CPU.Build.0 = Release|Any CPU
	EndGlobalSection
	GlobalSection(SolutionProperties) = preSolution
		HideSolutionNode = FALSE
	EndGlobalSection
	GlobalSection(ExtensibilityGlobals) = postSolution
		SolutionGuid = {06505C08-D97C-4B8B-A9B8-24AE3A41A0F1}
	EndGlobalSection
EndGlobal
